
Microsoft Visual Studio Solution File, Format Version 12.00
# Visual Studio Version 16
VisualStudioVersion = 16.0.31702.278
MinimumVisualStudioVersion = 10.0.40219.1
Project("{9A19103F-16F7-4668-BE54-9A1E7A4F7556}") = "Currencies", "Currencies\Currencies.csproj", "{BAC9CB5D-964A-4A40-9A6F-309ABAA540C2}"
EndProject
Project("{9A19103F-16F7-4668-BE54-9A1E7A4F7556}") = "NLayerApp.DAL", "NLayerApp.DAL\NLayerApp.DAL.csproj", "{0CAE53DC-E38E-47E6-A9F4-79808A89312C}"
EndProject
Project("{9A19103F-16F7-4668-BE54-9A1E7A4F7556}") = "Common", "Common\Common.csproj", "{EB403CE6-8ABA-4F25-A030-BFBC1CE5F97F}"
EndProject
Global
	GlobalSection(SolutionConfigurationPlatforms) = preSolution
		Debug|Any CPU = Debug|Any CPU
		Release|Any CPU = Release|Any CPU
	EndGlobalSection
	GlobalSection(ProjectConfigurationPlatforms) = postSolution
		{BAC9CB5D-964A-4A40-9A6F-309ABAA540C2}.Debug|Any CPU.ActiveCfg = Debug|Any CPU
		{BAC9CB5D-964A-4A40-9A6F-309ABAA540C2}.Debug|Any CPU.Build.0 = Debug|Any CPU
		{BAC9CB5D-964A-4A40-9A6F-309ABAA540C2}.Release|Any CPU.ActiveCfg = Release|Any CPU
		{BAC9CB5D-964A-4A40-9A6F-309ABAA540C2}.Release|Any CPU.Build.0 = Release|Any CPU
		{0CAE53DC-E38E-47E6-A9F4-79808A89312C}.Debug|Any CPU.ActiveCfg = Debug|Any CPU
		{0CAE53DC-E38E-47E6-A9F4-79808A89312C}.Debug|Any CPU.Build.0 = Debug|Any CPU
		{0CAE53DC-E38E-47E6-A9F4-79808A89312C}.Release|Any CPU.ActiveCfg = Release|Any CPU
		{0CAE53DC-E38E-47E6-A9F4-79808A89312C}.Release|Any CPU.Build.0 = Release|Any CPU
		{EB403CE6-8ABA-4F25-A030-BFBC1CE5F97F}.Debug|Any CPU.ActiveCfg = Debug|Any CPU
		{EB403CE6-8ABA-4F25-A030-BFBC1CE5F97F}.Debug|Any CPU.Build.0 = Debug|Any CPU
		{EB403CE6-8ABA-4F25-A030-BFBC1CE5F97F}.Release|Any CPU.ActiveCfg = Release|Any CPU
		{EB403CE6-8ABA-4F25-A030-BFBC1CE5F97F}.Release|Any CPU.Build.0 = Release|Any CPU
	EndGlobalSection
	GlobalSection(SolutionProperties) = preSolution
		HideSolutionNode = FALSE
	EndGlobalSection
	GlobalSection(ExtensibilityGlobals) = postSolution
		SolutionGuid = {7C399262-1DE5-41D5-9D4A-21426BFF49F3}
	EndGlobalSection
EndGlobal
